
Microsoft Visual Studio Solution File, Format Version 12.00
# Visual Studio 2012
Project("{FAE04EC0-301F-11D3-BF4B-00C04F79EFBC}") = "Zookeeper", "Zookeeper\Zookeeper.csproj", "{3324BDBF-463D-4490-9AD3-2B638D321ADB}"
EndProject
Project("{FAE04EC0-301F-11D3-BF4B-00C04F79EFBC}") = "Bank", "Bank\Bank.csproj", "{A3EE2E35-02A2-4986-BE71-7A1B1298D684}"
EndProject
Global
	GlobalSection(SolutionConfigurationPlatforms) = preSolution
		Debug|Any CPU = Debug|Any CPU
		Release|Any CPU = Release|Any CPU
	EndGlobalSection
	GlobalSection(ProjectConfigurationPlatforms) = postSolution
		{3324BDBF-463D-4490-9AD3-2B638D321ADB}.Debug|Any CPU.ActiveCfg = Debug|Any CPU
		{3324BDBF-463D-4490-9AD3-2B638D321ADB}.Debug|Any CPU.Build.0 = Debug|Any CPU
		{3324BDBF-463D-4490-9AD3-2B638D321ADB}.Release|Any CPU.ActiveCfg = Release|Any CPU
		{3324BDBF-463D-4490-9AD3-2B638D321ADB}.Release|Any CPU.Build.0 = Release|Any CPU
		{A3EE2E35-02A2-4986-BE71-7A1B1298D684}.Debug|Any CPU.ActiveCfg = Debug|Any CPU
		{A3EE2E35-02A2-4986-BE71-7A1B1298D684}.Debug|Any CPU.Build.0 = Debug|Any CPU
		{A3EE2E35-02A2-4986-BE71-7A1B1298D684}.Release|Any CPU.ActiveCfg = Release|Any CPU
		{A3EE2E35-02A2-4986-BE71-7A1B1298D684}.Release|Any CPU.Build.0 = Release|Any CPU
	EndGlobalSection
	GlobalSection(SolutionProperties) = preSolution
		HideSolutionNode = FALSE
	EndGlobalSection
EndGlobal
